
Microsoft Visual Studio Solution File, Format Version 12.00
# Visual Studio Version 17
VisualStudioVersion = 17.0.31912.275
MinimumVisualStudioVersion = 10.0.40219.1
Project("{FAE04EC0-301F-11D3-BF4B-00C04F79EFBC}") = "LBA8", "LBA8\LBA8.csproj", "{EDA3E3BB-F58E-43B5-8651-7DC33E6D050C}"
EndProject
Global
	GlobalSection(SolutionConfigurationPlatforms) = preSolution
		Debug|Any CPU = Debug|Any CPU
		Release|Any CPU = Release|Any CPU
	EndGlobalSection
	GlobalSection(ProjectConfigurationPlatforms) = postSolution
		{EDA3E3BB-F58E-43B5-8651-7DC33E6D050C}.Debug|Any CPU.ActiveCfg = Debug|Any CPU
		{EDA3E3BB-F58E-43B5-8651-7DC33E6D050C}.Debug|Any CPU.Build.0 = Debug|Any CPU
		{EDA3E3BB-F58E-43B5-8651-7DC33E6D050C}.Release|Any CPU.ActiveCfg = Release|Any CPU
		{EDA3E3BB-F58E-43B5-8651-7DC33E6D050C}.Release|Any CPU.Build.0 = Release|Any CPU
	EndGlobalSection
	GlobalSection(SolutionProperties) = preSolution
		HideSolutionNode = FALSE
	EndGlobalSection
	GlobalSection(ExtensibilityGlobals) = postSolution
		SolutionGuid = {298DB575-FBBD-495A-9B06-D5D77AC8A915}
	EndGlobalSection
EndGlobal
